
Microsoft Visual Studio Solution File, Format Version 12.00
# Visual Studio Version 17
VisualStudioVersion = 17.4.33213.308
MinimumVisualStudioVersion = 10.0.40219.1
Project("{FAE04EC0-301F-11D3-BF4B-00C04F79EFBC}") = "TelegramBot_BuyYourStyle", "TelegramBot_BuyYourStyle.csproj", "{A208CD8F-1177-4AE2-8F0B-6C568CCAEED6}"
EndProject
Global
	GlobalSection(SolutionConfigurationPlatforms) = preSolution
		Debug|Any CPU = Debug|Any CPU
		Release|Any CPU = Release|Any CPU
	EndGlobalSection
	GlobalSection(ProjectConfigurationPlatforms) = postSolution
		{A208CD8F-1177-4AE2-8F0B-6C568CCAEED6}.Debug|Any CPU.ActiveCfg = Debug|Any CPU
		{A208CD8F-1177-4AE2-8F0B-6C568CCAEED6}.Debug|Any CPU.Build.0 = Debug|Any CPU
		{A208CD8F-1177-4AE2-8F0B-6C568CCAEED6}.Release|Any CPU.ActiveCfg = Release|Any CPU
		{A208CD8F-1177-4AE2-8F0B-6C568CCAEED6}.Release|Any CPU.Build.0 = Release|Any CPU
	EndGlobalSection
	GlobalSection(SolutionProperties) = preSolution
		HideSolutionNode = FALSE
	EndGlobalSection
	GlobalSection(ExtensibilityGlobals) = postSolution
		SolutionGuid = {AA31109F-D5CA-4511-90D8-FC43A2187688}
	EndGlobalSection
EndGlobal
